// !$*UTF8*$!
{
	archiveVersion = 1;
	classes = {
	};
	objectVersion = 56;
	objects = {

/* Begin PBXBuildFile section */
		B10000000000000000001A /* SokuMemoKunApp.swift in Sources */ = {isa = PBXBuildFile; fileRef = A10000000000000000001A /* SokuMemoKunApp.swift */; };
		B10000000000000000001B /* Memo.swift in Sources */ = {isa = PBXBuildFile; fileRef = A10000000000000000001B /* Memo.swift */; };
		B10000000000000000001C /* Tag.swift in Sources */ = {isa = PBXBuildFile; fileRef = A10000000000000000001C /* Tag.swift */; };
		B10000000000000000001D /* MainView.swift in Sources */ = {isa = PBXBuildFile; fileRef = A10000000000000000001D /* MainView.swift */; };
		B10000000000000000001E /* MemoInputView.swift in Sources */ = {isa = PBXBuildFile; fileRef = A10000000000000000001E /* MemoInputView.swift */; };
		B10000000000000000001F /* MemoListView.swift in Sources */ = {isa = PBXBuildFile; fileRef = A10000000000000000001F /* MemoListView.swift */; };
		B1000000000000000000AA /* MemoRowView.swift in Sources */ = {isa = PBXBuildFile; fileRef = A1000000000000000000AA /* MemoRowView.swift */; };
		B1000000000000000000AB /* TagFilterPickerView.swift in Sources */ = {isa = PBXBuildFile; fileRef = A1000000000000000000AB /* TagFilterPickerView.swift */; };
		B1000000000000000000AC /* TagTitleSheetView.swift in Sources */ = {isa = PBXBuildFile; fileRef = A1000000000000000000AC /* TagTitleSheetView.swift */; };
		B1000000000000000000AD /* MemoInputViewModel.swift in Sources */ = {isa = PBXBuildFile; fileRef = A1000000000000000000AD /* MemoInputViewModel.swift */; };
		B1000000000000000000AE /* Assets.xcassets in Resources */ = {isa = PBXBuildFile; fileRef = A1000000000000000000AE /* Assets.xcassets */; };
		B1000000000000000000B1 /* TrapezoidTabShape.swift in Sources */ = {isa = PBXBuildFile; fileRef = A1000000000000000000B1 /* TrapezoidTabShape.swift */; };
		B1000000000000000000B2 /* TabbedMemoListView.swift in Sources */ = {isa = PBXBuildFile; fileRef = A1000000000000000000B2 /* TabbedMemoListView.swift */; };
		B1000000000000000000B3 /* TagDialView.swift in Sources */ = {isa = PBXBuildFile; fileRef = A1000000000000000000B3 /* TagDialView.swift */; };
		B1000000000000000000B4 /* NewTagSheetView.swift in Sources */ = {isa = PBXBuildFile; fileRef = A1000000000000000000B4 /* NewTagSheetView.swift */; };
		B1000000000000000000B5 /* SettingsView.swift in Sources */ = {isa = PBXBuildFile; fileRef = A1000000000000000000B5 /* SettingsView.swift */; };
		B1000000000000000000B6 /* TagEditView.swift in Sources */ = {isa = PBXBuildFile; fileRef = A1000000000000000000B6 /* TagEditView.swift */; };
		B1000000000000000000B7 /* FullEditorView.swift in Sources */ = {isa = PBXBuildFile; fileRef = A1000000000000000000B7 /* FullEditorView.swift */; };
		E20F22AC7EBE4432A424C594 /* MemoDetailView.swift in Sources */ = {isa = PBXBuildFile; fileRef = 863DCF5D059F41899ADDD158 /* MemoDetailView.swift */; };
		B1000000000000000000B8 /* MarkdownToolbar.swift in Sources */ = {isa = PBXBuildFile; fileRef = A1000000000000000000B8 /* MarkdownToolbar.swift */; };
		B1000000000000000000B9 /* MarkdownTextEditor.swift in Sources */ = {isa = PBXBuildFile; fileRef = A1000000000000000000B9 /* MarkdownTextEditor.swift */; };
/* End PBXBuildFile section */

/* Begin PBXFileReference section */
		A10000000000000000001A /* SokuMemoKunApp.swift */ = {isa = PBXFileReference; lastKnownFileType = sourcecode.swift; path = SokuMemoKunApp.swift; sourceTree = "<group>"; };
		A10000000000000000001B /* Memo.swift */ = {isa = PBXFileReference; lastKnownFileType = sourcecode.swift; path = Memo.swift; sourceTree = "<group>"; };
		A10000000000000000001C /* Tag.swift */ = {isa = PBXFileReference; lastKnownFileType = sourcecode.swift; path = Tag.swift; sourceTree = "<group>"; };
		A10000000000000000001D /* MainView.swift */ = {isa = PBXFileReference; lastKnownFileType = sourcecode.swift; path = MainView.swift; sourceTree = "<group>"; };
		A10000000000000000001E /* MemoInputView.swift */ = {isa = PBXFileReference; lastKnownFileType = sourcecode.swift; path = MemoInputView.swift; sourceTree = "<group>"; };
		A10000000000000000001F /* MemoListView.swift */ = {isa = PBXFileReference; lastKnownFileType = sourcecode.swift; path = MemoListView.swift; sourceTree = "<group>"; };
		A1000000000000000000AA /* MemoRowView.swift */ = {isa = PBXFileReference; lastKnownFileType = sourcecode.swift; path = MemoRowView.swift; sourceTree = "<group>"; };
		A1000000000000000000AB /* TagFilterPickerView.swift */ = {isa = PBXFileReference; lastKnownFileType = sourcecode.swift; path = TagFilterPickerView.swift; sourceTree = "<group>"; };
		A1000000000000000000AC /* TagTitleSheetView.swift */ = {isa = PBXFileReference; lastKnownFileType = sourcecode.swift; path = TagTitleSheetView.swift; sourceTree = "<group>"; };
		A1000000000000000000AD /* MemoInputViewModel.swift */ = {isa = PBXFileReference; lastKnownFileType = sourcecode.swift; path = MemoInputViewModel.swift; sourceTree = "<group>"; };
		A1000000000000000000AE /* Assets.xcassets */ = {isa = PBXFileReference; lastKnownFileType = folder.assetcatalog; path = Assets.xcassets; sourceTree = "<group>"; };
		A1000000000000000000AF /* SokuMemoKun.app */ = {isa = PBXFileReference; explicitFileType = wrapper.application; includeInIndex = 0; path = SokuMemoKun.app; sourceTree = BUILT_PRODUCTS_DIR; };
		A1000000000000000000B1 /* TrapezoidTabShape.swift */ = {isa = PBXFileReference; lastKnownFileType = sourcecode.swift; path = TrapezoidTabShape.swift; sourceTree = "<group>"; };
		A1000000000000000000B2 /* TabbedMemoListView.swift */ = {isa = PBXFileReference; lastKnownFileType = sourcecode.swift; path = TabbedMemoListView.swift; sourceTree = "<group>"; };
		A1000000000000000000B3 /* TagDialView.swift */ = {isa = PBXFileReference; lastKnownFileType = sourcecode.swift; path = TagDialView.swift; sourceTree = "<group>"; };
		A1000000000000000000B4 /* NewTagSheetView.swift */ = {isa = PBXFileReference; lastKnownFileType = sourcecode.swift; path = NewTagSheetView.swift; sourceTree = "<group>"; };
		A1000000000000000000B5 /* SettingsView.swift */ = {isa = PBXFileReference; lastKnownFileType = sourcecode.swift; path = SettingsView.swift; sourceTree = "<group>"; };
		A1000000000000000000B6 /* TagEditView.swift */ = {isa = PBXFileReference; lastKnownFileType = sourcecode.swift; path = TagEditView.swift; sourceTree = "<group>"; };
		A1000000000000000000B7 /* FullEditorView.swift */ = {isa = PBXFileReference; lastKnownFileType = sourcecode.swift; path = FullEditorView.swift; sourceTree = "<group>"; };
		A1000000000000000000B8 /* MarkdownToolbar.swift */ = {isa = PBXFileReference; lastKnownFileType = sourcecode.swift; path = MarkdownToolbar.swift; sourceTree = "<group>"; };
		A1000000000000000000B9 /* MarkdownTextEditor.swift */ = {isa = PBXFileReference; lastKnownFileType = sourcecode.swift; path = MarkdownTextEditor.swift; sourceTree = "<group>"; };
		863DCF5D059F41899ADDD158 /* MemoDetailView.swift */ = {isa = PBXFileReference; lastKnownFileType = sourcecode.swift; path = MemoDetailView.swift; sourceTree = "<group>"; };
/* End PBXFileReference section */

/* Begin PBXFrameworksBuildPhase section */
		E1000000000000000000A2 /* Frameworks */ = {
			isa = PBXFrameworksBuildPhase;
			buildActionMask = 2147483647;
			files = (
			);
			runOnlyForDeploymentPostprocessing = 0;
		};
/* End PBXFrameworksBuildPhase section */

/* Begin PBXGroup section */
		C1000000000000000000A1 = {
			isa = PBXGroup;
			children = (
				C1000000000000000000A2 /* SokuMemoKun */,
				C1000000000000000000A6 /* Products */,
			);
			sourceTree = "<group>";
		};
		C1000000000000000000A2 /* SokuMemoKun */ = {
			isa = PBXGroup;
			children = (
				A10000000000000000001A /* SokuMemoKunApp.swift */,
				A1000000000000000000AE /* Assets.xcassets */,
				C1000000000000000000A3 /* Models */,
				C1000000000000000000A4 /* Views */,
				C1000000000000000000A5 /* ViewModels */,
			);
			path = SokuMemoKun;
			sourceTree = "<group>";
		};
		C1000000000000000000A3 /* Models */ = {
			isa = PBXGroup;
			children = (
				A10000000000000000001B /* Memo.swift */,
				A10000000000000000001C /* Tag.swift */,
			);
			path = Models;
			sourceTree = "<group>";
		};
		C1000000000000000000A4 /* Views */ = {
			isa = PBXGroup;
			children = (
				A10000000000000000001D /* MainView.swift */,
				A10000000000000000001E /* MemoInputView.swift */,
				A10000000000000000001F /* MemoListView.swift */,
				A1000000000000000000AA /* MemoRowView.swift */,
				A1000000000000000000AB /* TagFilterPickerView.swift */,
				A1000000000000000000AC /* TagTitleSheetView.swift */,
				A1000000000000000000B1 /* TrapezoidTabShape.swift */,
				A1000000000000000000B2 /* TabbedMemoListView.swift */,
				A1000000000000000000B3 /* TagDialView.swift */,
				A1000000000000000000B4 /* NewTagSheetView.swift */,
				A1000000000000000000B5 /* SettingsView.swift */,
				A1000000000000000000B6 /* TagEditView.swift */,
				A1000000000000000000B7 /* FullEditorView.swift */,
				A1000000000000000000B8 /* MarkdownToolbar.swift */,
				A1000000000000000000B9 /* MarkdownTextEditor.swift */,
				863DCF5D059F41899ADDD158 /* MemoDetailView.swift */,
			);
			path = Views;
			sourceTree = "<group>";
		};
		C1000000000000000000A5 /* ViewModels */ = {
			isa = PBXGroup;
			children = (
				A1000000000000000000AD /* MemoInputViewModel.swift */,
			);
			path = ViewModels;
			sourceTree = "<group>";
		};
		C1000000000000000000A6 /* Products */ = {
			isa = PBXGroup;
			children = (
				A1000000000000000000AF /* SokuMemoKun.app */,
			);
			name = Products;
			sourceTree = "<group>";
		};
/* End PBXGroup section */

/* Begin PBXNativeTarget section */
		D1000000000000000000A1 /* SokuMemoKun */ = {
			isa = PBXNativeTarget;
			buildConfigurationList = D1000000000000000000A5 /* Build configuration list for PBXNativeTarget "SokuMemoKun" */;
			buildPhases = (
				E1000000000000000000A1 /* Sources */,
				E1000000000000000000A2 /* Frameworks */,
				E1000000000000000000A3 /* Resources */,
			);
			buildRules = (
			);
			dependencies = (
			);
			name = SokuMemoKun;
			productName = SokuMemoKun;
			productReference = A1000000000000000000AF /* SokuMemoKun.app */;
			productType = "com.apple.product-type.application";
		};
/* End PBXNativeTarget section */

/* Begin PBXProject section */
		F1000000000000000000A1 /* Project object */ = {
			isa = PBXProject;
			attributes = {
				BuildIndependentTargetsInParallel = 1;
				LastSwiftUpdateCheck = 1540;
				LastUpgradeCheck = 1540;
				TargetAttributes = {
					D1000000000000000000A1 = {
						CreatedOnToolsVersion = 15.4;
					};
				};
			};
			buildConfigurationList = D1000000000000000000A2 /* Build configuration list for PBXProject "SokuMemoKun" */;
			compatibilityVersion = "Xcode 14.0";
			developmentRegion = ja;
			hasScannedForEncodings = 0;
			knownRegions = (
				en,
				Base,
				ja,
			);
			mainGroup = C1000000000000000000A1;
			productRefGroup = C1000000000000000000A6 /* Products */;
			projectDirPath = "";
			projectRoot = "";
			targets = (
				D1000000000000000000A1 /* SokuMemoKun */,
			);
		};
/* End PBXProject section */

/* Begin PBXResourcesBuildPhase section */
		E1000000000000000000A3 /* Resources */ = {
			isa = PBXResourcesBuildPhase;
			buildActionMask = 2147483647;
			files = (
				B1000000000000000000AE /* Assets.xcassets in Resources */,
);
			runOnlyForDeploymentPostprocessing = 0;
		};
/* End PBXResourcesBuildPhase section */

/* Begin PBXSourcesBuildPhase section */
		E1000000000000000000A1 /* Sources */ = {
			isa = PBXSourcesBuildPhase;
			buildActionMask = 2147483647;
			files = (
				B10000000000000000001A /* SokuMemoKunApp.swift in Sources */,
				B10000000000000000001B /* Memo.swift in Sources */,
				B10000000000000000001C /* Tag.swift in Sources */,
				B10000000000000000001D /* MainView.swift in Sources */,
				B10000000000000000001E /* MemoInputView.swift in Sources */,
				B10000000000000000001F /* MemoListView.swift in Sources */,
				B1000000000000000000AA /* MemoRowView.swift in Sources */,
				B1000000000000000000AB /* TagFilterPickerView.swift in Sources */,
				B1000000000000000000AC /* TagTitleSheetView.swift in Sources */,
				B1000000000000000000AD /* MemoInputViewModel.swift in Sources */,
				B1000000000000000000B1 /* TrapezoidTabShape.swift in Sources */,
				B1000000000000000000B2 /* TabbedMemoListView.swift in Sources */,
				B1000000000000000000B3 /* TagDialView.swift in Sources */,
				B1000000000000000000B4 /* NewTagSheetView.swift in Sources */,
				B1000000000000000000B5 /* SettingsView.swift in Sources */,
				B1000000000000000000B6 /* TagEditView.swift in Sources */,
				B1000000000000000000B7 /* FullEditorView.swift in Sources */,
				B1000000000000000000B8 /* MarkdownToolbar.swift in Sources */,
				B1000000000000000000B9 /* MarkdownTextEditor.swift in Sources */,
				E20F22AC7EBE4432A424C594 /* MemoDetailView.swift in Sources */,
			);
			runOnlyForDeploymentPostprocessing = 0;
		};
/* End PBXSourcesBuildPhase section */

/* Begin XCBuildConfiguration section */
		D1000000000000000000A3 /* Debug */ = {
			isa = XCBuildConfiguration;
			buildSettings = {
				ALWAYS_SEARCH_USER_PATHS = NO;
				ASSETCATALOG_COMPILER_GENERATE_SWIFT_ASSET_SYMBOL_EXTENSIONS = YES;
				CLANG_ANALYZER_NONNULL = YES;
				CLANG_ANALYZER_NUMBER_OBJECT_CONVERSION = YES_AGGRESSIVE;
				CLANG_CXX_LANGUAGE_STANDARD = "gnu++20";
				CLANG_ENABLE_MODULES = YES;
				CLANG_ENABLE_OBJC_ARC = YES;
				CLANG_ENABLE_OBJC_WEAK = YES;
				CLANG_WARN_BLOCK_CAPTURE_AUTORELEASING = YES;
				CLANG_WARN_BOOL_CONVERSION = YES;
				CLANG_WARN_COMMA = YES;
				CLANG_WARN_CONSTANT_CONVERSION = YES;
				CLANG_WARN_DEPRECATED_OBJC_IMPLEMENTATIONS = YES;
				CLANG_WARN_DIRECT_OBJC_ISA_USAGE = YES_ERROR;
				CLANG_WARN_DOCUMENTATION_COMMENTS = YES;
				CLANG_WARN_EMPTY_BODY = YES;
				CLANG_WARN_ENUM_CONVERSION = YES;
				CLANG_WARN_INFINITE_RECURSION = YES;
				CLANG_WARN_INT_CONVERSION = YES;
				CLANG_WARN_NON_LITERAL_NULL_CONVERSION = YES;
				CLANG_WARN_OBJC_IMPLICIT_RETAIN_SELF = YES;
				CLANG_WARN_OBJC_LITERAL_CONVERSION = YES;
				CLANG_WARN_OBJC_ROOT_CLASS = YES_ERROR;
				CLANG_WARN_QUOTED_INCLUDE_IN_FRAMEWORK_HEADER = YES;
				CLANG_WARN_RANGE_LOOP_ANALYSIS = YES;
				CLANG_WARN_STRICT_PROTOTYPES = YES;
				CLANG_WARN_SUSPICIOUS_MOVE = YES;
				CLANG_WARN_UNGUARDED_AVAILABILITY = YES_AGGRESSIVE;
				CLANG_WARN_UNREACHABLE_CODE = YES;
				CLANG_WARN__DUPLICATE_METHOD_MATCH = YES;
				COPY_PHASE_STRIP = NO;
				DEBUG_INFORMATION_FORMAT = dwarf;
				ENABLE_STRICT_OBJC_MSGSEND = YES;
				ENABLE_TESTABILITY = YES;
				ENABLE_USER_SCRIPT_SANDBOXING = YES;
				GCC_C_LANGUAGE_STANDARD = gnu17;
				GCC_DYNAMIC_NO_PIC = NO;
				GCC_NO_COMMON_BLOCKS = YES;
				GCC_OPTIMIZATION_LEVEL = 0;
				GCC_PREPROCESSOR_DEFINITIONS = (
					"DEBUG=1",
					"$(inherited)",
				);
				GCC_WARN_64_TO_32_BIT_CONVERSION = YES;
				GCC_WARN_ABOUT_RETURN_TYPE = YES_ERROR;
				GCC_WARN_UNDECLARED_SELECTOR = YES;
				GCC_WARN_UNINITIALIZED_AUTOS = YES_AGGRESSIVE;
				GCC_WARN_UNUSED_FUNCTION = YES;
				GCC_WARN_UNUSED_VARIABLE = YES;
				IPHONEOS_DEPLOYMENT_TARGET = 17.0;
				LOCALIZATION_PREFERS_STRING_CATALOGS = YES;
				MTL_ENABLE_DEBUG_INFO = INCLUDE_SOURCE;
				MTL_FAST_MATH = YES;
				ONLY_ACTIVE_ARCH = YES;
				SDKROOT = iphoneos;
				SWIFT_ACTIVE_COMPILATION_CONDITIONS = "DEBUG $(inherited)";
				SWIFT_OPTIMIZATION_LEVEL = "-Onone";
			};
			name = Debug;
		};
		D1000000000000000000A4 /* Release */ = {
			isa = XCBuildConfiguration;
			buildSettings = {
				ALWAYS_SEARCH_USER_PATHS = NO;
				ASSETCATALOG_COMPILER_GENERATE_SWIFT_ASSET_SYMBOL_EXTENSIONS = YES;
				CLANG_ANALYZER_NONNULL = YES;
				CLANG_ANALYZER_NUMBER_OBJECT_CONVERSION = YES_AGGRESSIVE;
				CLANG_CXX_LANGUAGE_STANDARD = "gnu++20";
				CLANG_ENABLE_MODULES = YES;
				CLANG_ENABLE_OBJC_ARC = YES;
				CLANG_ENABLE_OBJC_WEAK = YES;
				CLANG_WARN_BLOCK_CAPTURE_AUTORELEASING = YES;
				CLANG_WARN_BOOL_CONVERSION = YES;
				CLANG_WARN_COMMA = YES;
				CLANG_WARN_CONSTANT_CONVERSION = YES;
				CLANG_WARN_DEPRECATED_OBJC_IMPLEMENTATIONS = YES;
				CLANG_WARN_DIRECT_OBJC_ISA_USAGE = YES_ERROR;
				CLANG_WARN_DOCUMENTATION_COMMENTS = YES;
				CLANG_WARN_EMPTY_BODY = YES;
				CLANG_WARN_ENUM_CONVERSION = YES;
				CLANG_WARN_INFINITE_RECURSION = YES;
				CLANG_WARN_INT_CONVERSION = YES;
				CLANG_WARN_NON_LITERAL_NULL_CONVERSION = YES;
				CLANG_WARN_OBJC_IMPLICIT_RETAIN_SELF = YES;
				CLANG_WARN_OBJC_LITERAL_CONVERSION = YES;
				CLANG_WARN_OBJC_ROOT_CLASS = YES_ERROR;
				CLANG_WARN_QUOTED_INCLUDE_IN_FRAMEWORK_HEADER = YES;
				CLANG_WARN_RANGE_LOOP_ANALYSIS = YES;
				CLANG_WARN_STRICT_PROTOTYPES = YES;
				CLANG_WARN_SUSPICIOUS_MOVE = YES;
				CLANG_WARN_UNGUARDED_AVAILABILITY = YES_AGGRESSIVE;
				CLANG_WARN_UNREACHABLE_CODE = YES;
				CLANG_WARN__DUPLICATE_METHOD_MATCH = YES;
				COPY_PHASE_STRIP = NO;
				DEBUG_INFORMATION_FORMAT = "dwarf-with-dsym";
				ENABLE_NS_ASSERTIONS = NO;
				ENABLE_STRICT_OBJC_MSGSEND = YES;
				ENABLE_USER_SCRIPT_SANDBOXING = YES;
				GCC_C_LANGUAGE_STANDARD = gnu17;
				GCC_NO_COMMON_BLOCKS = YES;
				GCC_WARN_64_TO_32_BIT_CONVERSION = YES;
				GCC_WARN_ABOUT_RETURN_TYPE = YES_ERROR;
				GCC_WARN_UNDECLARED_SELECTOR = YES;
				GCC_WARN_UNINITIALIZED_AUTOS = YES_AGGRESSIVE;
				GCC_WARN_UNUSED_FUNCTION = YES;
				GCC_WARN_UNUSED_VARIABLE = YES;
				IPHONEOS_DEPLOYMENT_TARGET = 17.0;
				LOCALIZATION_PREFERS_STRING_CATALOGS = YES;
				MTL_ENABLE_DEBUG_INFO = NO;
				MTL_FAST_MATH = YES;
				SDKROOT = iphoneos;
				SWIFT_COMPILATION_MODE = wholemodule;
				VALIDATE_PRODUCT = YES;
			};
			name = Release;
		};
		D1000000000000000000A6 /* Debug */ = {
			isa = XCBuildConfiguration;
			buildSettings = {
				ASSETCATALOG_COMPILER_APPICON_NAME = AppIcon;
				ASSETCATALOG_COMPILER_GLOBAL_ACCENT_COLOR_NAME = AccentColor;
				CODE_SIGN_STYLE = Automatic;
				CURRENT_PROJECT_VERSION = 1;
				DEVELOPMENT_TEAM = CF34X3P59Y;
				ENABLE_PREVIEWS = YES;
				GENERATE_INFOPLIST_FILE = YES;
				INFOPLIST_KEY_CFBundleDisplayName = "即メモ君";
				INFOPLIST_KEY_UIApplicationSceneManifest_Generation = YES;
				INFOPLIST_KEY_UIApplicationSupportsIndirectInputEvents = YES;
				INFOPLIST_KEY_UILaunchScreen_Generation = YES;
				INFOPLIST_KEY_UISupportedInterfaceOrientations_iPad = "UIInterfaceOrientationPortrait UIInterfaceOrientationPortraitUpsideDown UIInterfaceOrientationLandscapeLeft UIInterfaceOrientationLandscapeRight";
				INFOPLIST_KEY_UISupportedInterfaceOrientations_iPhone = "UIInterfaceOrientationPortrait UIInterfaceOrientationLandscapeLeft UIInterfaceOrientationLandscapeRight";
				LD_RUNPATH_SEARCH_PATHS = (
					"$(inherited)",
					"@executable_path/Frameworks",
				);
				MARKETING_VERSION = 1.0;
				PRODUCT_BUNDLE_IDENTIFIER = com.sokumemokun.app;
				PRODUCT_NAME = "$(TARGET_NAME)";
				SWIFT_EMIT_LOC_STRINGS = YES;
				SWIFT_VERSION = 5.0;
				TARGETED_DEVICE_FAMILY = "1,2";
			};
			name = Debug;
		};
		D1000000000000000000A7 /* Release */ = {
			isa = XCBuildConfiguration;
			buildSettings = {
				ASSETCATALOG_COMPILER_APPICON_NAME = AppIcon;
				ASSETCATALOG_COMPILER_GLOBAL_ACCENT_COLOR_NAME = AccentColor;
				CODE_SIGN_STYLE = Automatic;
				CURRENT_PROJECT_VERSION = 1;
				DEVELOPMENT_TEAM = CF34X3P59Y;
				ENABLE_PREVIEWS = YES;
				GENERATE_INFOPLIST_FILE = YES;
				INFOPLIST_KEY_CFBundleDisplayName = "即メモ君";
				INFOPLIST_KEY_UIApplicationSceneManifest_Generation = YES;
				INFOPLIST_KEY_UIApplicationSupportsIndirectInputEvents = YES;
				INFOPLIST_KEY_UILaunchScreen_Generation = YES;
				INFOPLIST_KEY_UISupportedInterfaceOrientations_iPad = "UIInterfaceOrientationPortrait UIInterfaceOrientationPortraitUpsideDown UIInterfaceOrientationLandscapeLeft UIInterfaceOrientationLandscapeRight";
				INFOPLIST_KEY_UISupportedInterfaceOrientations_iPhone = "UIInterfaceOrientationPortrait UIInterfaceOrientationLandscapeLeft UIInterfaceOrientationLandscapeRight";
				LD_RUNPATH_SEARCH_PATHS = (
					"$(inherited)",
					"@executable_path/Frameworks",
				);
				MARKETING_VERSION = 1.0;
				PRODUCT_BUNDLE_IDENTIFIER = com.sokumemokun.app;
				PRODUCT_NAME = "$(TARGET_NAME)";
				SWIFT_EMIT_LOC_STRINGS = YES;
				SWIFT_VERSION = 5.0;
				TARGETED_DEVICE_FAMILY = "1,2";
			};
			name = Release;
		};
/* End XCBuildConfiguration section */

/* Begin XCConfigurationList section */
		D1000000000000000000A2 /* Build configuration list for PBXProject "SokuMemoKun" */ = {
			isa = XCConfigurationList;
			buildConfigurations = (
				D1000000000000000000A3 /* Debug */,
				D1000000000000000000A4 /* Release */,
			);
			defaultConfigurationIsVisible = 0;
			defaultConfigurationName = Release;
		};
		D1000000000000000000A5 /* Build configuration list for PBXNativeTarget "SokuMemoKun" */ = {
			isa = XCConfigurationList;
			buildConfigurations = (
				D1000000000000000000A6 /* Debug */,
				D1000000000000000000A7 /* Release */,
			);
			defaultConfigurationIsVisible = 0;
			defaultConfigurationName = Release;
		};
/* End XCConfigurationList section */
	};
	rootObject = F1000000000000000000A1 /* Project object */;
}
