// !$*UTF8*$!
{
	archiveVersion = 1;
	classes = {
	};
	objectVersion = 56;
	objects = {

/* Begin PBXBuildFile section */
		A00245AE9633A906577EE733 /* TextureLabView.swift in Sources */ = {isa = PBXBuildFile; fileRef = 6A194A4EB966F4152317D179 /* TextureLabView.swift */; };
		C0L0RLAB000000000002 /* ColorLabView.swift in Sources */ = {isa = PBXBuildFile; fileRef = C0L0RLAB000000000001 /* ColorLabView.swift */; };
		'B10000000000000000001A' = {isa = PBXBuildFile; fileRef = A10000000000000000001A; };
		'B10000000000000000001B' = {isa = PBXBuildFile; fileRef = A10000000000000000001B; };
		'B10000000000000000001C' = {isa = PBXBuildFile; fileRef = A10000000000000000001C; };
		'B10000000000000000001D' = {isa = PBXBuildFile; fileRef = A10000000000000000001D; };
		'B10000000000000000001E' = {isa = PBXBuildFile; fileRef = A10000000000000000001E; };
		'B10000000000000000001F' = {isa = PBXBuildFile; fileRef = A10000000000000000001F; };
		'B1000000000000000000AA' = {isa = PBXBuildFile; fileRef = A1000000000000000000AA; };
		'B1000000000000000000AB' = {isa = PBXBuildFile; fileRef = A1000000000000000000AB; };
		'B1000000000000000000AC' = {isa = PBXBuildFile; fileRef = A1000000000000000000AC; };
		'B1000000000000000000AD' = {isa = PBXBuildFile; fileRef = A1000000000000000000AD; };
		'B1000000000000000000AE' = {isa = PBXBuildFile; fileRef = A1000000000000000000AE; };
		'B1000000000000000000B1' = {isa = PBXBuildFile; fileRef = A1000000000000000000B1; };
		'B1000000000000000000B2' = {isa = PBXBuildFile; fileRef = A1000000000000000000B2; };
		'B1000000000000000000B3' = {isa = PBXBuildFile; fileRef = A1000000000000000000B3; };
		'B1000000000000000000B4' = {isa = PBXBuildFile; fileRef = A1000000000000000000B4; };
		'B1000000000000000000B5' = {isa = PBXBuildFile; fileRef = A1000000000000000000B5; };
		'B1000000000000000000B6' = {isa = PBXBuildFile; fileRef = A1000000000000000000B6; };
		'B1000000000000000000B7' = {isa = PBXBuildFile; fileRef = A1000000000000000000B7; };
		'B1000000000000000000B8' = {isa = PBXBuildFile; fileRef = A1000000000000000000B8; };
		'B1000000000000000000B9' = {isa = PBXBuildFile; fileRef = A1000000000000000000B9; };
		E20F22AC7EBE4432A424C594 /* MemoDetailView.swift in Sources */ = {isa = PBXBuildFile; fileRef = 863DCF5D059F41899ADDD158 /* MemoDetailView.swift */; };
		TAGSUG0000000000000002 /* TagFrequency.swift in Sources */ = {isa = PBXBuildFile; fileRef = TAGSUG0000000000000001 /* TagFrequency.swift */; };
		TAGSUG0000000000000004 /* TagCooccurrence.swift in Sources */ = {isa = PBXBuildFile; fileRef = TAGSUG0000000000000003 /* TagCooccurrence.swift */; };
		TAGSUG0000000000000006 /* TagSuggestDismissal.swift in Sources */ = {isa = PBXBuildFile; fileRef = TAGSUG0000000000000005 /* TagSuggestDismissal.swift */; };
		TAGSUG0000000000000008 /* TagSuggestEngine.swift in Sources */ = {isa = PBXBuildFile; fileRef = TAGSUG0000000000000007 /* TagSuggestEngine.swift */; };
		TAGSUG000000000000000A /* TagSuggestDictionary.json in Resources */ = {isa = PBXBuildFile; fileRef = TAGSUG0000000000000009 /* TagSuggestDictionary.json */; };
		LNTXT00000000000000002 /* LineNumberTextEditor.swift in Sources */ = {isa = PBXBuildFile; fileRef = LNTXT00000000000000001 /* LineNumberTextEditor.swift */; };
/* End PBXBuildFile section */

/* Begin PBXFileReference section */
		6A194A4EB966F4152317D179 /* TextureLabView.swift */ = {isa = PBXFileReference; lastKnownFileType = sourcecode.swift; name = TextureLabView.swift; path = SokuMemoKun/Views/TextureLabView.swift; sourceTree = SOURCE_ROOT; };
		C0L0RLAB000000000001 /* ColorLabView.swift */ = {isa = PBXFileReference; lastKnownFileType = sourcecode.swift; name = ColorLabView.swift; path = SokuMemoKun/Views/ColorLabView.swift; sourceTree = SOURCE_ROOT; };
		863DCF5D059F41899ADDD158 /* MemoDetailView.swift */ = {isa = PBXFileReference; lastKnownFileType = sourcecode.swift; path = MemoDetailView.swift; sourceTree = "<group>"; };
		'A10000000000000000001A' = {isa = PBXFileReference; lastKnownFileType = sourcecode.swift; path = SokuMemoKunApp.swift; sourceTree = "<group>"; };
		'A10000000000000000001B' = {isa = PBXFileReference; lastKnownFileType = sourcecode.swift; path = Memo.swift; sourceTree = "<group>"; };
		'A10000000000000000001C' = {isa = PBXFileReference; lastKnownFileType = sourcecode.swift; path = Tag.swift; sourceTree = "<group>"; };
		TAGSUG0000000000000001 /* TagFrequency.swift */ = {isa = PBXFileReference; lastKnownFileType = sourcecode.swift; path = TagFrequency.swift; sourceTree = "<group>"; };
		TAGSUG0000000000000003 /* TagCooccurrence.swift */ = {isa = PBXFileReference; lastKnownFileType = sourcecode.swift; path = TagCooccurrence.swift; sourceTree = "<group>"; };
		TAGSUG0000000000000005 /* TagSuggestDismissal.swift */ = {isa = PBXFileReference; lastKnownFileType = sourcecode.swift; path = TagSuggestDismissal.swift; sourceTree = "<group>"; };
		TAGSUG0000000000000007 /* TagSuggestEngine.swift */ = {isa = PBXFileReference; lastKnownFileType = sourcecode.swift; name = TagSuggestEngine.swift; path = SokuMemoKun/Services/TagSuggestEngine.swift; sourceTree = SOURCE_ROOT; };
		TAGSUG0000000000000009 /* TagSuggestDictionary.json */ = {isa = PBXFileReference; lastKnownFileType = text.json; path = TagSuggestDictionary.json; sourceTree = "<group>"; };
		'A10000000000000000001D' = {isa = PBXFileReference; lastKnownFileType = sourcecode.swift; path = MainView.swift; sourceTree = "<group>"; };
		'A10000000000000000001E' = {isa = PBXFileReference; lastKnownFileType = sourcecode.swift; path = MemoInputView.swift; sourceTree = "<group>"; };
		'A10000000000000000001F' = {isa = PBXFileReference; lastKnownFileType = sourcecode.swift; path = MemoListView.swift; sourceTree = "<group>"; };
		'A1000000000000000000AA' = {isa = PBXFileReference; lastKnownFileType = sourcecode.swift; path = MemoRowView.swift; sourceTree = "<group>"; };
		'A1000000000000000000AB' = {isa = PBXFileReference; lastKnownFileType = sourcecode.swift; path = TagFilterPickerView.swift; sourceTree = "<group>"; };
		'A1000000000000000000AC' = {isa = PBXFileReference; lastKnownFileType = sourcecode.swift; path = TagTitleSheetView.swift; sourceTree = "<group>"; };
		'A1000000000000000000AD' = {isa = PBXFileReference; lastKnownFileType = sourcecode.swift; path = MemoInputViewModel.swift; sourceTree = "<group>"; };
		'A1000000000000000000AE' = {isa = PBXFileReference; lastKnownFileType = folder.assetcatalog; path = Assets.xcassets; sourceTree = "<group>"; };
		'A1000000000000000000AF' = {isa = PBXFileReference; explicitFileType = wrapper.application; includeInIndex = 0; path = SokuMemoKun.app; sourceTree = BUILT_PRODUCTS_DIR; };
		'A1000000000000000000B1' = {isa = PBXFileReference; lastKnownFileType = sourcecode.swift; path = TrapezoidTabShape.swift; sourceTree = "<group>"; };
		'A1000000000000000000B2' = {isa = PBXFileReference; lastKnownFileType = sourcecode.swift; path = TabbedMemoListView.swift; sourceTree = "<group>"; };
		'A1000000000000000000B3' = {isa = PBXFileReference; lastKnownFileType = sourcecode.swift; path = TagDialView.swift; sourceTree = "<group>"; };
		'A1000000000000000000B4' = {isa = PBXFileReference; lastKnownFileType = sourcecode.swift; path = NewTagSheetView.swift; sourceTree = "<group>"; };
		'A1000000000000000000B5' = {isa = PBXFileReference; lastKnownFileType = sourcecode.swift; path = SettingsView.swift; sourceTree = "<group>"; };
		'A1000000000000000000B6' = {isa = PBXFileReference; lastKnownFileType = sourcecode.swift; path = TagEditView.swift; sourceTree = "<group>"; };
		'A1000000000000000000B7' = {isa = PBXFileReference; lastKnownFileType = sourcecode.swift; path = FullEditorView.swift; sourceTree = "<group>"; };
		'A1000000000000000000B8' = {isa = PBXFileReference; lastKnownFileType = sourcecode.swift; path = MarkdownToolbar.swift; sourceTree = "<group>"; };
		'A1000000000000000000B9' = {isa = PBXFileReference; lastKnownFileType = sourcecode.swift; path = MarkdownTextEditor.swift; sourceTree = "<group>"; };
		LNTXT00000000000000001 /* LineNumberTextEditor.swift */ = {isa = PBXFileReference; lastKnownFileType = sourcecode.swift; path = LineNumberTextEditor.swift; sourceTree = "<group>"; };
/* End PBXFileReference section */

/* Begin PBXFrameworksBuildPhase section */
		'E1000000000000000000A2' = {
			isa = PBXFrameworksBuildPhase;
			buildActionMask = 2147483647;
			files = (
			);
			runOnlyForDeploymentPostprocessing = 0;
		};
/* End PBXFrameworksBuildPhase section */

/* Begin PBXGroup section */
		'C1000000000000000000A1' = {
			isa = PBXGroup;
			children = (
				C1000000000000000000A2,
				C1000000000000000000A6,
				6A194A4EB966F4152317D179 /* TextureLabView.swift */,
				C0L0RLAB000000000001 /* ColorLabView.swift */,
			);
			sourceTree = "<group>";
		};
		'C1000000000000000000A2' = {
			isa = PBXGroup;
			children = (
				A10000000000000000001A,
				A1000000000000000000AE,
				C1000000000000000000A3,
				C1000000000000000000A4,
				C1000000000000000000A5,
				TAGSUG00000000000000G1,
				TAGSUG0000000000000009 /* TagSuggestDictionary.json */,
			);
			path = SokuMemoKun;
			sourceTree = "<group>";
		};
		'C1000000000000000000A3' = {
			isa = PBXGroup;
			children = (
				A10000000000000000001B,
				A10000000000000000001C,
				TAGSUG0000000000000001 /* TagFrequency.swift */,
				TAGSUG0000000000000003 /* TagCooccurrence.swift */,
				TAGSUG0000000000000005 /* TagSuggestDismissal.swift */,
			);
			path = Models;
			sourceTree = "<group>";
		};
		'C1000000000000000000A4' = {
			isa = PBXGroup;
			children = (
				A10000000000000000001D,
				A10000000000000000001E,
				A10000000000000000001F,
				A1000000000000000000AA,
				A1000000000000000000AB,
				A1000000000000000000AC,
				A1000000000000000000B1,
				A1000000000000000000B2,
				A1000000000000000000B3,
				A1000000000000000000B4,
				A1000000000000000000B5,
				A1000000000000000000B6,
				A1000000000000000000B7,
				A1000000000000000000B8,
				A1000000000000000000B9,
				863DCF5D059F41899ADDD158 /* MemoDetailView.swift */,
				LNTXT00000000000000001 /* LineNumberTextEditor.swift */,
			);
			path = Views;
			sourceTree = "<group>";
		};
		'C1000000000000000000A5' = {
			isa = PBXGroup;
			children = (
				A1000000000000000000AD,
			);
			path = ViewModels;
			sourceTree = "<group>";
		};
		'C1000000000000000000A6' = {
			isa = PBXGroup;
			children = (
				A1000000000000000000AF,
			);
			name = Products;
			sourceTree = "<group>";
		};
		TAGSUG00000000000000G1 = {
			isa = PBXGroup;
			children = (
				TAGSUG0000000000000007 /* TagSuggestEngine.swift */,
			);
			path = Services;
			sourceTree = "<group>";
		};
/* End PBXGroup section */

/* Begin PBXNativeTarget section */
		'D1000000000000000000A1' = {
			isa = PBXNativeTarget;
			buildConfigurationList = D1000000000000000000A5;
			buildPhases = (
				E1000000000000000000A1,
				E1000000000000000000A2,
				E1000000000000000000A3,
			);
			buildRules = (
			);
			dependencies = (
			);
			name = SokuMemoKun;
			productName = SokuMemoKun;
			productReference = A1000000000000000000AF;
			productType = "com.apple.product-type.application";
		};
/* End PBXNativeTarget section */

/* Begin PBXProject section */
		'F1000000000000000000A1' = {
			isa = PBXProject;
			attributes = {
				BuildIndependentTargetsInParallel = 1;
				LastSwiftUpdateCheck = 1540;
				LastUpgradeCheck = 1540;
				TargetAttributes = {
					D1000000000000000000A1 = {
						CreatedOnToolsVersion = 15.4;
					};
				};
			};
			buildConfigurationList = D1000000000000000000A2;
			compatibilityVersion = "Xcode 14.0";
			developmentRegion = ja;
			hasScannedForEncodings = 0;
			knownRegions = (
				en,
				Base,
				ja,
			);
			mainGroup = C1000000000000000000A1;
			productRefGroup = C1000000000000000000A6;
			projectDirPath = "";
			projectRoot = "";
			targets = (
				D1000000000000000000A1,
			);
		};
/* End PBXProject section */

/* Begin PBXResourcesBuildPhase section */
		'E1000000000000000000A3' = {
			isa = PBXResourcesBuildPhase;
			buildActionMask = 2147483647;
			files = (
				B1000000000000000000AE,
				TAGSUG000000000000000A /* TagSuggestDictionary.json in Resources */,
			);
			runOnlyForDeploymentPostprocessing = 0;
		};
/* End PBXResourcesBuildPhase section */

/* Begin PBXSourcesBuildPhase section */
		'E1000000000000000000A1' = {
			isa = PBXSourcesBuildPhase;
			buildActionMask = 2147483647;
			files = (
				B10000000000000000001A,
				B10000000000000000001B,
				B10000000000000000001C,
				B10000000000000000001D,
				B10000000000000000001E,
				B10000000000000000001F,
				B1000000000000000000AA,
				B1000000000000000000AB,
				B1000000000000000000AC,
				B1000000000000000000AD,
				B1000000000000000000B1,
				B1000000000000000000B2,
				B1000000000000000000B3,
				B1000000000000000000B4,
				B1000000000000000000B5,
				B1000000000000000000B6,
				B1000000000000000000B7,
				B1000000000000000000B8,
				B1000000000000000000B9,
				E20F22AC7EBE4432A424C594 /* MemoDetailView.swift in Sources */,
				A00245AE9633A906577EE733 /* TextureLabView.swift in Sources */,
				C0L0RLAB000000000002 /* ColorLabView.swift in Sources */,
				TAGSUG0000000000000002 /* TagFrequency.swift in Sources */,
				TAGSUG0000000000000004 /* TagCooccurrence.swift in Sources */,
				TAGSUG0000000000000006 /* TagSuggestDismissal.swift in Sources */,
				TAGSUG0000000000000008 /* TagSuggestEngine.swift in Sources */,
				LNTXT00000000000000002 /* LineNumberTextEditor.swift in Sources */,
			);
			runOnlyForDeploymentPostprocessing = 0;
		};
/* End PBXSourcesBuildPhase section */

/* Begin XCBuildConfiguration section */
		'D1000000000000000000A3' = {
			isa = XCBuildConfiguration;
			buildSettings = {
				ALWAYS_SEARCH_USER_PATHS = NO;
				ASSETCATALOG_COMPILER_GENERATE_SWIFT_ASSET_SYMBOL_EXTENSIONS = YES;
				CLANG_ANALYZER_NONNULL = YES;
				CLANG_ANALYZER_NUMBER_OBJECT_CONVERSION = YES_AGGRESSIVE;
				CLANG_CXX_LANGUAGE_STANDARD = "gnu++20";
				CLANG_ENABLE_MODULES = YES;
				CLANG_ENABLE_OBJC_ARC = YES;
				CLANG_ENABLE_OBJC_WEAK = YES;
				CLANG_WARN_BLOCK_CAPTURE_AUTORELEASING = YES;
				CLANG_WARN_BOOL_CONVERSION = YES;
				CLANG_WARN_COMMA = YES;
				CLANG_WARN_CONSTANT_CONVERSION = YES;
				CLANG_WARN_DEPRECATED_OBJC_IMPLEMENTATIONS = YES;
				CLANG_WARN_DIRECT_OBJC_ISA_USAGE = YES_ERROR;
				CLANG_WARN_DOCUMENTATION_COMMENTS = YES;
				CLANG_WARN_EMPTY_BODY = YES;
				CLANG_WARN_ENUM_CONVERSION = YES;
				CLANG_WARN_INFINITE_RECURSION = YES;
				CLANG_WARN_INT_CONVERSION = YES;
				CLANG_WARN_NON_LITERAL_NULL_CONVERSION = YES;
				CLANG_WARN_OBJC_IMPLICIT_RETAIN_SELF = YES;
				CLANG_WARN_OBJC_LITERAL_CONVERSION = YES;
				CLANG_WARN_OBJC_ROOT_CLASS = YES_ERROR;
				CLANG_WARN_QUOTED_INCLUDE_IN_FRAMEWORK_HEADER = YES;
				CLANG_WARN_RANGE_LOOP_ANALYSIS = YES;
				CLANG_WARN_STRICT_PROTOTYPES = YES;
				CLANG_WARN_SUSPICIOUS_MOVE = YES;
				CLANG_WARN_UNGUARDED_AVAILABILITY = YES_AGGRESSIVE;
				CLANG_WARN_UNREACHABLE_CODE = YES;
				CLANG_WARN__DUPLICATE_METHOD_MATCH = YES;
				COPY_PHASE_STRIP = NO;
				DEBUG_INFORMATION_FORMAT = dwarf;
				ENABLE_STRICT_OBJC_MSGSEND = YES;
				ENABLE_TESTABILITY = YES;
				ENABLE_USER_SCRIPT_SANDBOXING = YES;
				GCC_C_LANGUAGE_STANDARD = gnu17;
				GCC_DYNAMIC_NO_PIC = NO;
				GCC_NO_COMMON_BLOCKS = YES;
				GCC_OPTIMIZATION_LEVEL = 0;
				GCC_PREPROCESSOR_DEFINITIONS = (
					"DEBUG=1",
					"$(inherited)",
				);
				GCC_WARN_64_TO_32_BIT_CONVERSION = YES;
				GCC_WARN_ABOUT_RETURN_TYPE = YES_ERROR;
				GCC_WARN_UNDECLARED_SELECTOR = YES;
				GCC_WARN_UNINITIALIZED_AUTOS = YES_AGGRESSIVE;
				GCC_WARN_UNUSED_FUNCTION = YES;
				GCC_WARN_UNUSED_VARIABLE = YES;
				IPHONEOS_DEPLOYMENT_TARGET = 17.0;
				LOCALIZATION_PREFERS_STRING_CATALOGS = YES;
				MTL_ENABLE_DEBUG_INFO = INCLUDE_SOURCE;
				MTL_FAST_MATH = YES;
				ONLY_ACTIVE_ARCH = YES;
				SDKROOT = iphoneos;
				SWIFT_ACTIVE_COMPILATION_CONDITIONS = "DEBUG $(inherited)";
				SWIFT_OPTIMIZATION_LEVEL = "-Onone";
			};
			name = Debug;
		};
		'D1000000000000000000A4' = {
			isa = XCBuildConfiguration;
			buildSettings = {
				ALWAYS_SEARCH_USER_PATHS = NO;
				ASSETCATALOG_COMPILER_GENERATE_SWIFT_ASSET_SYMBOL_EXTENSIONS = YES;
				CLANG_ANALYZER_NONNULL = YES;
				CLANG_ANALYZER_NUMBER_OBJECT_CONVERSION = YES_AGGRESSIVE;
				CLANG_CXX_LANGUAGE_STANDARD = "gnu++20";
				CLANG_ENABLE_MODULES = YES;
				CLANG_ENABLE_OBJC_ARC = YES;
				CLANG_ENABLE_OBJC_WEAK = YES;
				CLANG_WARN_BLOCK_CAPTURE_AUTORELEASING = YES;
				CLANG_WARN_BOOL_CONVERSION = YES;
				CLANG_WARN_COMMA = YES;
				CLANG_WARN_CONSTANT_CONVERSION = YES;
				CLANG_WARN_DEPRECATED_OBJC_IMPLEMENTATIONS = YES;
				CLANG_WARN_DIRECT_OBJC_ISA_USAGE = YES_ERROR;
				CLANG_WARN_DOCUMENTATION_COMMENTS = YES;
				CLANG_WARN_EMPTY_BODY = YES;
				CLANG_WARN_ENUM_CONVERSION = YES;
				CLANG_WARN_INFINITE_RECURSION = YES;
				CLANG_WARN_INT_CONVERSION = YES;
				CLANG_WARN_NON_LITERAL_NULL_CONVERSION = YES;
				CLANG_WARN_OBJC_IMPLICIT_RETAIN_SELF = YES;
				CLANG_WARN_OBJC_LITERAL_CONVERSION = YES;
				CLANG_WARN_OBJC_ROOT_CLASS = YES_ERROR;
				CLANG_WARN_QUOTED_INCLUDE_IN_FRAMEWORK_HEADER = YES;
				CLANG_WARN_RANGE_LOOP_ANALYSIS = YES;
				CLANG_WARN_STRICT_PROTOTYPES = YES;
				CLANG_WARN_SUSPICIOUS_MOVE = YES;
				CLANG_WARN_UNGUARDED_AVAILABILITY = YES_AGGRESSIVE;
				CLANG_WARN_UNREACHABLE_CODE = YES;
				CLANG_WARN__DUPLICATE_METHOD_MATCH = YES;
				COPY_PHASE_STRIP = NO;
				DEBUG_INFORMATION_FORMAT = "dwarf-with-dsym";
				ENABLE_NS_ASSERTIONS = NO;
				ENABLE_STRICT_OBJC_MSGSEND = YES;
				ENABLE_USER_SCRIPT_SANDBOXING = YES;
				GCC_C_LANGUAGE_STANDARD = gnu17;
				GCC_NO_COMMON_BLOCKS = YES;
				GCC_WARN_64_TO_32_BIT_CONVERSION = YES;
				GCC_WARN_ABOUT_RETURN_TYPE = YES_ERROR;
				GCC_WARN_UNDECLARED_SELECTOR = YES;
				GCC_WARN_UNINITIALIZED_AUTOS = YES_AGGRESSIVE;
				GCC_WARN_UNUSED_FUNCTION = YES;
				GCC_WARN_UNUSED_VARIABLE = YES;
				IPHONEOS_DEPLOYMENT_TARGET = 17.0;
				LOCALIZATION_PREFERS_STRING_CATALOGS = YES;
				MTL_ENABLE_DEBUG_INFO = NO;
				MTL_FAST_MATH = YES;
				SDKROOT = iphoneos;
				SWIFT_COMPILATION_MODE = wholemodule;
				VALIDATE_PRODUCT = YES;
			};
			name = Release;
		};
		'D1000000000000000000A6' = {
			isa = XCBuildConfiguration;
			buildSettings = {
				ASSETCATALOG_COMPILER_APPICON_NAME = AppIcon;
				ASSETCATALOG_COMPILER_GLOBAL_ACCENT_COLOR_NAME = AccentColor;
				CODE_SIGN_STYLE = Automatic;
				CURRENT_PROJECT_VERSION = 1;
				DEVELOPMENT_TEAM = CF34X3P59Y;
				ENABLE_PREVIEWS = YES;
				GENERATE_INFOPLIST_FILE = YES;
				INFOPLIST_KEY_CFBundleDisplayName = "即メモ君";
				INFOPLIST_KEY_UIApplicationSceneManifest_Generation = YES;
				INFOPLIST_KEY_UIApplicationSupportsIndirectInputEvents = YES;
				INFOPLIST_KEY_UILaunchScreen_Generation = YES;
				INFOPLIST_KEY_UISupportedInterfaceOrientations_iPad = "UIInterfaceOrientationPortrait UIInterfaceOrientationPortraitUpsideDown UIInterfaceOrientationLandscapeLeft UIInterfaceOrientationLandscapeRight";
				INFOPLIST_KEY_UISupportedInterfaceOrientations_iPhone = "UIInterfaceOrientationPortrait UIInterfaceOrientationLandscapeLeft UIInterfaceOrientationLandscapeRight";
				LD_RUNPATH_SEARCH_PATHS = (
					"$(inherited)",
					"@executable_path/Frameworks",
				);
				MARKETING_VERSION = 1.0;
				PRODUCT_BUNDLE_IDENTIFIER = com.sokumemokun.app;
				PRODUCT_NAME = "$(TARGET_NAME)";
				SWIFT_EMIT_LOC_STRINGS = YES;
				SWIFT_VERSION = 5.0;
				TARGETED_DEVICE_FAMILY = "1,2";
			};
			name = Debug;
		};
		'D1000000000000000000A7' = {
			isa = XCBuildConfiguration;
			buildSettings = {
				ASSETCATALOG_COMPILER_APPICON_NAME = AppIcon;
				ASSETCATALOG_COMPILER_GLOBAL_ACCENT_COLOR_NAME = AccentColor;
				CODE_SIGN_STYLE = Automatic;
				CURRENT_PROJECT_VERSION = 1;
				DEVELOPMENT_TEAM = CF34X3P59Y;
				ENABLE_PREVIEWS = YES;
				GENERATE_INFOPLIST_FILE = YES;
				INFOPLIST_KEY_CFBundleDisplayName = "即メモ君";
				INFOPLIST_KEY_UIApplicationSceneManifest_Generation = YES;
				INFOPLIST_KEY_UIApplicationSupportsIndirectInputEvents = YES;
				INFOPLIST_KEY_UILaunchScreen_Generation = YES;
				INFOPLIST_KEY_UISupportedInterfaceOrientations_iPad = "UIInterfaceOrientationPortrait UIInterfaceOrientationPortraitUpsideDown UIInterfaceOrientationLandscapeLeft UIInterfaceOrientationLandscapeRight";
				INFOPLIST_KEY_UISupportedInterfaceOrientations_iPhone = "UIInterfaceOrientationPortrait UIInterfaceOrientationLandscapeLeft UIInterfaceOrientationLandscapeRight";
				LD_RUNPATH_SEARCH_PATHS = (
					"$(inherited)",
					"@executable_path/Frameworks",
				);
				MARKETING_VERSION = 1.0;
				PRODUCT_BUNDLE_IDENTIFIER = com.sokumemokun.app;
				PRODUCT_NAME = "$(TARGET_NAME)";
				SWIFT_EMIT_LOC_STRINGS = YES;
				SWIFT_VERSION = 5.0;
				TARGETED_DEVICE_FAMILY = "1,2";
			};
			name = Release;
		};
/* End XCBuildConfiguration section */

/* Begin XCConfigurationList section */
		'D1000000000000000000A2' = {
			isa = XCConfigurationList;
			buildConfigurations = (
				D1000000000000000000A3,
				D1000000000000000000A4,
			);
			defaultConfigurationIsVisible = 0;
			defaultConfigurationName = Release;
		};
		'D1000000000000000000A5' = {
			isa = XCConfigurationList;
			buildConfigurations = (
				D1000000000000000000A6,
				D1000000000000000000A7,
			);
			defaultConfigurationIsVisible = 0;
			defaultConfigurationName = Release;
		};
/* End XCConfigurationList section */
	};
	rootObject = F1000000000000000000A1;
}
